
Microsoft Visual Studio Solution File, Format Version 12.00
# Visual Studio 14
VisualStudioVersion = 14.0.25420.1
MinimumVisualStudioVersion = 10.0.40219.1
Project("{8BC9CEB8-8B4A-11D0-8D11-00A0C91BC942}") = "CoinKeeper", "CoinKeeper\CoinKeeper.vcxproj", "{B12702AD-ABFB-343A-A199-8E24837244A3}"
EndProject
Project("{8BC9CEB8-8B4A-11D0-8D11-00A0C91BC942}") = "CoinKeeperTest", "CoinKeeperTest\CoinKeeperTest.vcxproj", "{84F12496-DBD1-41EF-BC20-F6FB990F050D}"
	ProjectSection(ProjectDependencies) = postProject
		{B12702AD-ABFB-343A-A199-8E24837244A3} = {B12702AD-ABFB-343A-A199-8E24837244A3}
	EndProjectSection
EndProject
Global
	GlobalSection(SolutionConfigurationPlatforms) = preSolution
		Debug|x64 = Debug|x64
		Debug|x86 = Debug|x86
		Release|x64 = Release|x64
		Release|x86 = Release|x86
	EndGlobalSection
	GlobalSection(ProjectConfigurationPlatforms) = postSolution
		{B12702AD-ABFB-343A-A199-8E24837244A3}.Debug|x64.ActiveCfg = Debug|x64
		{B12702AD-ABFB-343A-A199-8E24837244A3}.Debug|x64.Build.0 = Debug|x64
		{B12702AD-ABFB-343A-A199-8E24837244A3}.Debug|x86.ActiveCfg = Debug|Win32
		{B12702AD-ABFB-343A-A199-8E24837244A3}.Debug|x86.Build.0 = Debug|Win32
		{B12702AD-ABFB-343A-A199-8E24837244A3}.Release|x64.ActiveCfg = Release|x64
		{B12702AD-ABFB-343A-A199-8E24837244A3}.Release|x64.Build.0 = Release|x64
		{B12702AD-ABFB-343A-A199-8E24837244A3}.Release|x86.ActiveCfg = Release|Win32
		{B12702AD-ABFB-343A-A199-8E24837244A3}.Release|x86.Build.0 = Release|Win32
		{84F12496-DBD1-41EF-BC20-F6FB990F050D}.Debug|x64.ActiveCfg = Debug|x64
		{84F12496-DBD1-41EF-BC20-F6FB990F050D}.Debug|x64.Build.0 = Debug|x64
		{84F12496-DBD1-41EF-BC20-F6FB990F050D}.Debug|x86.ActiveCfg = Debug|Win32
		{84F12496-DBD1-41EF-BC20-F6FB990F050D}.Debug|x86.Build.0 = Debug|Win32
		{84F12496-DBD1-41EF-BC20-F6FB990F050D}.Release|x64.ActiveCfg = Release|Win32
		{84F12496-DBD1-41EF-BC20-F6FB990F050D}.Release|x86.ActiveCfg = Release|Win32
		{84F12496-DBD1-41EF-BC20-F6FB990F050D}.Release|x86.Build.0 = Release|Win32
	EndGlobalSection
	GlobalSection(SolutionProperties) = preSolution
		HideSolutionNode = FALSE
	EndGlobalSection
	GlobalSection(ExtensibilityGlobals) = postSolution
		Qt5Version = msvc2015_64
	EndGlobalSection
	GlobalSection(TeamFoundationVersionControl) = preSolution
		SccNumberOfProjects = 3
		SccEnterpriseProvider = {4CA58AB2-18FA-4F8D-95D4-32DDF27D184C}
		SccTeamFoundationServer = https://jannik-prinz.visualstudio.com/defaultcollection
		SccLocalPath0 = .
		SccProjectUniqueName1 = CoinKeeper\\CoinKeeper.vcxproj
		SccProjectName1 = CoinKeeper
		SccLocalPath1 = CoinKeeper
		SccProjectUniqueName2 = CoinKeeperTest\\CoinKeeperTest.vcxproj
		SccProjectName2 = CoinKeeperTest
		SccLocalPath2 = CoinKeeperTest
	EndGlobalSection
EndGlobal
