<?xml version="1.0" encoding="utf-8"?>
<Project ToolsVersion="4.0" xmlns="http://schemas.microsoft.com/developer/msbuild/2003">
  <ItemGroup>
    <Filter Include="Source Files">
      <UniqueIdentifier>{4FC737F1-C7A5-4376-A066-2A32D752A2FF}</UniqueIdentifier>
      <Extensions>cpp;cxx;c;def</Extensions>
    </Filter>
    <Filter Include="Header Files">
      <UniqueIdentifier>{93995380-89BD-4b04-88EB-625FBE52EBFB}</UniqueIdentifier>
      <Extensions>h</Extensions>
    </Filter>
    <Filter Include="Form Files">
      <UniqueIdentifier>{99349809-55BA-4b9d-BF79-8FDBB0286EB3}</UniqueIdentifier>
      <Extensions>ui</Extensions>
    </Filter>
    <Filter Include="Resource Files">
      <UniqueIdentifier>{D9D6E242-F8AF-46E4-B9FD-80ECBC20BA3E}</UniqueIdentifier>
      <Extensions>qrc;*</Extensions>
      <ParseFiles>false</ParseFiles>
    </Filter>
    <Filter Include="Generated Files">
      <UniqueIdentifier>{71ED8ED8-ACB9-4CE9-BBE1-E00B30144E11}</UniqueIdentifier>
      <Extensions>moc;h;cpp</Extensions>
      <SourceControlFiles>False</SourceControlFiles>
    </Filter>
    <Filter Include="Generated Files\Debug">
      <UniqueIdentifier>{6544a622-21ff-4981-b54c-9b7d9fcec769}</UniqueIdentifier>
      <Extensions>cpp;moc</Extensions>
      <SourceControlFiles>False</SourceControlFiles>
    </Filter>
    <Filter Include="Generated Files\Release">
      <UniqueIdentifier>{4f596059-7035-4730-8836-88756830ab7b}</UniqueIdentifier>
      <Extensions>cpp;moc</Extensions>
      <SourceControlFiles>False</SourceControlFiles>
    </Filter>
    <Filter Include="Header Files\DataHandler">
      <UniqueIdentifier>{bbc1b506-b2d6-4d64-9d72-fe463e9c12bc}</UniqueIdentifier>
    </Filter>
    <Filter Include="Header Files\Presenter">
      <UniqueIdentifier>{63a95427-1e04-4a6d-9413-5c38b897a63e}</UniqueIdentifier>
    </Filter>
    <Filter Include="Header Files\Views">
      <UniqueIdentifier>{21dc5655-bad4-445c-9349-37b3ec63f1df}</UniqueIdentifier>
    </Filter>
    <Filter Include="Source Files\DataHandler">
      <UniqueIdentifier>{c0316fc3-7ecc-4798-8e8e-8ea31e9e5e15}</UniqueIdentifier>
    </Filter>
    <Filter Include="Source Files\Presenter">
      <UniqueIdentifier>{25238d66-9fa8-4bcd-baa3-0b915ac90024}</UniqueIdentifier>
    </Filter>
    <Filter Include="Source Files\Views">
      <UniqueIdentifier>{8d0e0d54-638b-4d8d-918a-27acaca1369b}</UniqueIdentifier>
    </Filter>
  </ItemGroup>
  <ItemGroup>
    <ClCompile Include="sources\main.cpp">
      <Filter>Source Files</Filter>
    </ClCompile>
    <ClCompile Include="GeneratedFiles\qrc_coinkeeper.cpp">
      <Filter>Generated Files</Filter>
    </ClCompile>
    <ClCompile Include="GeneratedFiles\Debug\moc_supervisorpresenter.cpp">
      <Filter>Generated Files\Debug</Filter>
    </ClCompile>
    <ClCompile Include="GeneratedFiles\Release\moc_supervisorpresenter.cpp">
      <Filter>Generated Files\Release</Filter>
    </ClCompile>
    <ClCompile Include="GeneratedFiles\Debug\moc_presenter.cpp">
      <Filter>Generated Files\Debug</Filter>
    </ClCompile>
    <ClCompile Include="GeneratedFiles\Release\moc_presenter.cpp">
      <Filter>Generated Files\Release</Filter>
    </ClCompile>
    <ClCompile Include="GeneratedFiles\Debug\moc_profilechooserpresenter.cpp">
      <Filter>Generated Files\Debug</Filter>
    </ClCompile>
    <ClCompile Include="GeneratedFiles\Release\moc_profilechooserpresenter.cpp">
      <Filter>Generated Files\Release</Filter>
    </ClCompile>
    <ClCompile Include="GeneratedFiles\Debug\moc_profilechooserview.cpp">
      <Filter>Generated Files\Debug</Filter>
    </ClCompile>
    <ClCompile Include="GeneratedFiles\Release\moc_profilechooserview.cpp">
      <Filter>Generated Files\Release</Filter>
    </ClCompile>
    <ClCompile Include="sqlite-amalgamation-3120100\sqlite3.c">
      <Filter>Source Files</Filter>
    </ClCompile>
    <ClCompile Include="GeneratedFiles\Debug\moc_coinkeeperpresenter.cpp">
      <Filter>Generated Files\Debug</Filter>
    </ClCompile>
    <ClCompile Include="GeneratedFiles\Release\moc_coinkeeperpresenter.cpp">
      <Filter>Generated Files\Release</Filter>
    </ClCompile>
    <ClCompile Include="GeneratedFiles\Debug\moc_coinkeeperview.cpp">
      <Filter>Generated Files\Debug</Filter>
    </ClCompile>
    <ClCompile Include="GeneratedFiles\Release\moc_coinkeeperview.cpp">
      <Filter>Generated Files\Release</Filter>
    </ClCompile>
    <ClCompile Include="GeneratedFiles\Debug\moc_labelmanager.cpp">
      <Filter>Generated Files\Debug</Filter>
    </ClCompile>
    <ClCompile Include="GeneratedFiles\Release\moc_labelmanager.cpp">
      <Filter>Generated Files\Release</Filter>
    </ClCompile>
    <ClCompile Include="GeneratedFiles\Debug\moc_transactionmanager.cpp">
      <Filter>Generated Files\Debug</Filter>
    </ClCompile>
    <ClCompile Include="GeneratedFiles\Release\moc_transactionmanager.cpp">
      <Filter>Generated Files\Release</Filter>
    </ClCompile>
    <ClCompile Include="GeneratedFiles\Debug\moc_accountmanager.cpp">
      <Filter>Generated Files\Debug</Filter>
    </ClCompile>
    <ClCompile Include="GeneratedFiles\Release\moc_accountmanager.cpp">
      <Filter>Generated Files\Release</Filter>
    </ClCompile>
    <ClCompile Include="GeneratedFiles\Debug\moc_standingordermanager.cpp">
      <Filter>Generated Files\Debug</Filter>
    </ClCompile>
    <ClCompile Include="GeneratedFiles\Release\moc_standingordermanager.cpp">
      <Filter>Generated Files\Release</Filter>
    </ClCompile>
    <ClCompile Include="sources\DataHandler\accountmanager.cpp">
      <Filter>Source Files\DataHandler</Filter>
    </ClCompile>
    <ClCompile Include="sources\DataHandler\database.cpp">
      <Filter>Source Files\DataHandler</Filter>
    </ClCompile>
    <ClCompile Include="sources\DataHandler\labelmanager.cpp">
      <Filter>Source Files\DataHandler</Filter>
    </ClCompile>
    <ClCompile Include="sources\DataHandler\transactionmanager.cpp">
      <Filter>Source Files\DataHandler</Filter>
    </ClCompile>
    <ClCompile Include="sources\DataHandler\standingordermanager.cpp">
      <Filter>Source Files\DataHandler</Filter>
    </ClCompile>
    <ClCompile Include="sources\Presenter\coinkeeperpresenter.cpp">
      <Filter>Source Files\Presenter</Filter>
    </ClCompile>
    <ClCompile Include="sources\Presenter\presenter.cpp">
      <Filter>Source Files\Presenter</Filter>
    </ClCompile>
    <ClCompile Include="sources\Presenter\profilechooserpresenter.cpp">
      <Filter>Source Files\Presenter</Filter>
    </ClCompile>
    <ClCompile Include="sources\Presenter\supervisorpresenter.cpp">
      <Filter>Source Files\Presenter</Filter>
    </ClCompile>
    <ClCompile Include="sources\Views\coinkeeperview.cpp">
      <Filter>Source Files\Views</Filter>
    </ClCompile>
    <ClCompile Include="sources\Views\profilechooserview.cpp">
      <Filter>Source Files\Views</Filter>
    </ClCompile>
  </ItemGroup>
  <ItemGroup>
    <CustomBuild Include="Form Files\addaccountwindow.ui">
      <Filter>Form Files</Filter>
    </CustomBuild>
    <CustomBuild Include="Form Files\addtransactionwindow.ui">
      <Filter>Form Files</Filter>
    </CustomBuild>
    <CustomBuild Include="Form Files\coinkeeper.ui">
      <Filter>Form Files</Filter>
    </CustomBuild>
    <CustomBuild Include="Form Files\profileChooser.ui">
      <Filter>Form Files</Filter>
    </CustomBuild>
    <CustomBuild Include="Form Files\managelabels.ui">
      <Filter>Form Files</Filter>
    </CustomBuild>
    <CustomBuild Include="Form Files\managestandingorders.ui">
      <Filter>Form Files</Filter>
    </CustomBuild>
    <CustomBuild Include="Form Files\addstandingorder.ui">
      <Filter>Form Files</Filter>
    </CustomBuild>
    <CustomBuild Include="header\DataHandler\accountmanager.h">
      <Filter>Header Files\DataHandler</Filter>
    </CustomBuild>
    <CustomBuild Include="header\DataHandler\labelmanager.h">
      <Filter>Header Files\DataHandler</Filter>
    </CustomBuild>
    <CustomBuild Include="header\DataHandler\standingordermanager.h">
      <Filter>Header Files\DataHandler</Filter>
    </CustomBuild>
    <CustomBuild Include="header\DataHandler\transactionmanager.h">
      <Filter>Header Files\DataHandler</Filter>
    </CustomBuild>
    <CustomBuild Include="header\Presenter\coinkeeperpresenter.h">
      <Filter>Header Files\Presenter</Filter>
    </CustomBuild>
    <CustomBuild Include="header\Presenter\presenter.h">
      <Filter>Header Files\Presenter</Filter>
    </CustomBuild>
    <CustomBuild Include="header\Presenter\profilechooserpresenter.h">
      <Filter>Header Files\Presenter</Filter>
    </CustomBuild>
    <CustomBuild Include="header\Presenter\supervisorpresenter.h">
      <Filter>Header Files\Presenter</Filter>
    </CustomBuild>
    <CustomBuild Include="header\Views\profilechooserview.h">
      <Filter>Header Files\Views</Filter>
    </CustomBuild>
    <CustomBuild Include="header\Views\coinkeeperview.h">
      <Filter>Header Files\Views</Filter>
    </CustomBuild>
    <CustomBuild Include="Resources\coinkeeper.qrc">
      <Filter>Resource Files</Filter>
    </CustomBuild>
  </ItemGroup>
  <ItemGroup>
    <ClInclude Include="GeneratedFiles\ui_addaccountwindow.h">
      <Filter>Generated Files</Filter>
    </ClInclude>
    <ClInclude Include="GeneratedFiles\ui_addtransactionwindow.h">
      <Filter>Generated Files</Filter>
    </ClInclude>
    <ClInclude Include="GeneratedFiles\ui_coinkeeper.h">
      <Filter>Generated Files</Filter>
    </ClInclude>
    <ClInclude Include="GeneratedFiles\ui_profileChooser.h">
      <Filter>Generated Files</Filter>
    </ClInclude>
    <ClInclude Include="sqlite-amalgamation-3120100\sqlite3.h">
      <Filter>Header Files</Filter>
    </ClInclude>
    <ClInclude Include="sqlite-amalgamation-3120100\sqlite3ext.h">
      <Filter>Header Files</Filter>
    </ClInclude>
    <ClInclude Include="header\constants.h">
      <Filter>Header Files</Filter>
    </ClInclude>
    <ClInclude Include="GeneratedFiles\ui_managelabels.h">
      <Filter>Generated Files</Filter>
    </ClInclude>
    <ClInclude Include="GeneratedFiles\ui_managestandingorders.h">
      <Filter>Generated Files</Filter>
    </ClInclude>
    <ClInclude Include="GeneratedFiles\ui_addstandingorder.h">
      <Filter>Generated Files</Filter>
    </ClInclude>
    <ClInclude Include="header\DataHandler\database.h">
      <Filter>Header Files\DataHandler</Filter>
    </ClInclude>
  </ItemGroup>
</Project>